# THIS IS AN AUTOGENERATED FILE. DO NOT EDIT THIS FILE DIRECTLY.
# yarn lockfile v1


"@playwright/test@^1.34.2":
  version "1.35.0"
  resolved "https://registry.yarnpkg.com/@playwright/test/-/test-1.35.0.tgz#532603399a0dd46731fbc31a0df5ce357dafa486"
  integrity sha512-6qXdd5edCBynOwsz1YcNfgX8tNWeuS9fxy5o59D0rvHXxRtjXRebB4gE4vFVfEMXl/z8zTnAzfOs7aQDEs8G4Q==
  dependencies:
    "@types/node" "*"
    playwright-core "1.35.0"
  optionalDependencies:
    fsevents "2.3.2"

"@types/node@*":
  version "20.3.0"
  resolved "https://registry.yarnpkg.com/@types/node/-/node-20.3.0.tgz#719498898d5defab83c3560f45d8498f58d11938"
  integrity sha512-cumHmIAf6On83X7yP+LrsEyUOf/YlociZelmpRYaGFydoaPdxdt80MAbu6vWerQT2COCp2nPvHdsbD7tHn/YlQ==

dotenv@^16.0.3:
  version "16.1.4"
  resolved "https://registry.yarnpkg.com/dotenv/-/dotenv-16.1.4.tgz#67ac1a10cd9c25f5ba604e4e08bc77c0ebe0ca8c"
  integrity sha512-m55RtE8AsPeJBpOIFKihEmqUcoVncQIwo7x9U8ZwLEZw9ZpXboz2c+rvog+jUaJvVrZ5kBOeYQBX5+8Aa/OZQw==

fsevents@2.3.2:
  version "2.3.2"
  resolved "https://registry.yarnpkg.com/fsevents/-/fsevents-2.3.2.tgz#8a526f78b8fdf4623b709e0b975c52c24c02fd1a"
  integrity sha512-xiqMQR4xAeHTuB9uWm+fFRcIOgKBMiOBP+eXiyT7jsgVCq1bkVygt00oASowB7EdtpOHaaPgKt812P9ab+DDKA==

playwright-core@1.35.0:
  version "1.35.0"
  resolved "https://registry.yarnpkg.com/playwright-core/-/playwright-core-1.35.0.tgz#b7871b742b4a5c8714b7fa2f570c280a061cb414"
  integrity sha512-muMXyPmIx/2DPrCHOD1H1ePT01o7OdKxKj2ebmCAYvqhUy+Y1bpal7B0rdoxros7YrXI294JT/DWw2LqyiqTPA==
